// !$*UTF8*$!
{
	archiveVersion = 1;
	classes = {
	};
	objectVersion = 56;
	objects = {

/* Begin PBXBuildFile section */
		D4BB33EE2C739ED900F960D3 /* AppDelegate.swift in Sources */ = {isa = PBXBuildFile; fileRef = D4BB33ED2C739ED900F960D3 /* AppDelegate.swift */; };
		D4BB33F02C739ED900F960D3 /* SceneDelegate.swift in Sources */ = {isa = PBXBuildFile; fileRef = D4BB33EF2C739ED900F960D3 /* SceneDelegate.swift */; };
		D4BB33F22C739ED900F960D3 /* HomeViewController.swift in Sources */ = {isa = PBXBuildFile; fileRef = D4BB33F12C739ED900F960D3 /* HomeViewController.swift */; };
		D4BB33F72C739EDB00F960D3 /* Assets.xcassets in Resources */ = {isa = PBXBuildFile; fileRef = D4BB33F62C739EDB00F960D3 /* Assets.xcassets */; };
		D4BB33FA2C739EDB00F960D3 /* Base in Resources */ = {isa = PBXBuildFile; fileRef = D4BB33F92C739EDB00F960D3 /* Base */; };
		D4BB34082C750F6900F960D3 /* TabBarViewController.swift in Sources */ = {isa = PBXBuildFile; fileRef = D4BB34072C750F6900F960D3 /* TabBarViewController.swift */; };
		D4BB340A2C750FF100F960D3 /* SearchViewController.swift in Sources */ = {isa = PBXBuildFile; fileRef = D4BB34092C750FF100F960D3 /* SearchViewController.swift */; };
		D4BB340C2C75100F00F960D3 /* LibraryViewController.swift in Sources */ = {isa = PBXBuildFile; fileRef = D4BB340B2C75100F00F960D3 /* LibraryViewController.swift */; };
		D4BB34102C75106500F960D3 /* AuthViewController.swift in Sources */ = {isa = PBXBuildFile; fileRef = D4BB340F2C75106500F960D3 /* AuthViewController.swift */; };
		D4BB34122C7510B900F960D3 /* WelcomeViewController.swift in Sources */ = {isa = PBXBuildFile; fileRef = D4BB34112C7510B900F960D3 /* WelcomeViewController.swift */; };
		D4BB34152C7510D200F960D3 /* SettingsViewController.swift in Sources */ = {isa = PBXBuildFile; fileRef = D4BB34142C7510D200F960D3 /* SettingsViewController.swift */; };
		D4BB34172C7510E100F960D3 /* ProfileViewController.swift in Sources */ = {isa = PBXBuildFile; fileRef = D4BB34162C7510E100F960D3 /* ProfileViewController.swift */; };
		D4BB34192C7510ED00F960D3 /* PlaylistViewController.swift in Sources */ = {isa = PBXBuildFile; fileRef = D4BB34182C7510ED00F960D3 /* PlaylistViewController.swift */; };
		D4BB341B2C7510FB00F960D3 /* SearchResultsViewController.swift in Sources */ = {isa = PBXBuildFile; fileRef = D4BB341A2C7510FB00F960D3 /* SearchResultsViewController.swift */; };
		D4BB341E2C7511B000F960D3 /* AuthManager.swift in Sources */ = {isa = PBXBuildFile; fileRef = D4BB341D2C7511B000F960D3 /* AuthManager.swift */; };
		D4BB34202C7511D300F960D3 /* APICaller.swift in Sources */ = {isa = PBXBuildFile; fileRef = D4BB341F2C7511D300F960D3 /* APICaller.swift */; };
		D4BB34222C7511EA00F960D3 /* HapticsManager.swift in Sources */ = {isa = PBXBuildFile; fileRef = D4BB34212C7511EA00F960D3 /* HapticsManager.swift */; };
		D4BB34242C75122D00F960D3 /* Playlist.swift in Sources */ = {isa = PBXBuildFile; fileRef = D4BB34232C75122D00F960D3 /* Playlist.swift */; };
		D4BB34262C75125800F960D3 /* AudioTrack.swift in Sources */ = {isa = PBXBuildFile; fileRef = D4BB34252C75125800F960D3 /* AudioTrack.swift */; };
		D4BB34282C75127700F960D3 /* Artist.swift in Sources */ = {isa = PBXBuildFile; fileRef = D4BB34272C75127700F960D3 /* Artist.swift */; };
		D4BB342A2C75128A00F960D3 /* UserProfile.swift in Sources */ = {isa = PBXBuildFile; fileRef = D4BB34292C75128A00F960D3 /* UserProfile.swift */; };
/* End PBXBuildFile section */

/* Begin PBXFileReference section */
		D4BB33EA2C739ED900F960D3 /* Spotify.app */ = {isa = PBXFileReference; explicitFileType = wrapper.application; includeInIndex = 0; path = Spotify.app; sourceTree = BUILT_PRODUCTS_DIR; };
		D4BB33ED2C739ED900F960D3 /* AppDelegate.swift */ = {isa = PBXFileReference; lastKnownFileType = sourcecode.swift; path = AppDelegate.swift; sourceTree = "<group>"; };
		D4BB33EF2C739ED900F960D3 /* SceneDelegate.swift */ = {isa = PBXFileReference; lastKnownFileType = sourcecode.swift; path = SceneDelegate.swift; sourceTree = "<group>"; };
		D4BB33F12C739ED900F960D3 /* HomeViewController.swift */ = {isa = PBXFileReference; lastKnownFileType = sourcecode.swift; path = HomeViewController.swift; sourceTree = "<group>"; };
		D4BB33F62C739EDB00F960D3 /* Assets.xcassets */ = {isa = PBXFileReference; lastKnownFileType = folder.assetcatalog; path = Assets.xcassets; sourceTree = "<group>"; };
		D4BB33F92C739EDB00F960D3 /* Base */ = {isa = PBXFileReference; lastKnownFileType = file.storyboard; name = Base; path = Base.lproj/LaunchScreen.storyboard; sourceTree = "<group>"; };
		D4BB33FB2C739EDB00F960D3 /* Info.plist */ = {isa = PBXFileReference; lastKnownFileType = text.plist.xml; path = Info.plist; sourceTree = "<group>"; };
		D4BB34072C750F6900F960D3 /* TabBarViewController.swift */ = {isa = PBXFileReference; lastKnownFileType = sourcecode.swift; path = TabBarViewController.swift; sourceTree = "<group>"; };
		D4BB34092C750FF100F960D3 /* SearchViewController.swift */ = {isa = PBXFileReference; lastKnownFileType = sourcecode.swift; path = SearchViewController.swift; sourceTree = "<group>"; };
		D4BB340B2C75100F00F960D3 /* LibraryViewController.swift */ = {isa = PBXFileReference; lastKnownFileType = sourcecode.swift; path = LibraryViewController.swift; sourceTree = "<group>"; };
		D4BB340F2C75106500F960D3 /* AuthViewController.swift */ = {isa = PBXFileReference; lastKnownFileType = sourcecode.swift; path = AuthViewController.swift; sourceTree = "<group>"; };
		D4BB34112C7510B900F960D3 /* WelcomeViewController.swift */ = {isa = PBXFileReference; lastKnownFileType = sourcecode.swift; path = WelcomeViewController.swift; sourceTree = "<group>"; };
		D4BB34142C7510D200F960D3 /* SettingsViewController.swift */ = {isa = PBXFileReference; lastKnownFileType = sourcecode.swift; path = SettingsViewController.swift; sourceTree = "<group>"; };
		D4BB34162C7510E100F960D3 /* ProfileViewController.swift */ = {isa = PBXFileReference; lastKnownFileType = sourcecode.swift; path = ProfileViewController.swift; sourceTree = "<group>"; };
		D4BB34182C7510ED00F960D3 /* PlaylistViewController.swift */ = {isa = PBXFileReference; lastKnownFileType = sourcecode.swift; path = PlaylistViewController.swift; sourceTree = "<group>"; };
		D4BB341A2C7510FB00F960D3 /* SearchResultsViewController.swift */ = {isa = PBXFileReference; lastKnownFileType = sourcecode.swift; path = SearchResultsViewController.swift; sourceTree = "<group>"; };
		D4BB341D2C7511B000F960D3 /* AuthManager.swift */ = {isa = PBXFileReference; lastKnownFileType = sourcecode.swift; path = AuthManager.swift; sourceTree = "<group>"; };
		D4BB341F2C7511D300F960D3 /* APICaller.swift */ = {isa = PBXFileReference; lastKnownFileType = sourcecode.swift; path = APICaller.swift; sourceTree = "<group>"; };
		D4BB34212C7511EA00F960D3 /* HapticsManager.swift */ = {isa = PBXFileReference; lastKnownFileType = sourcecode.swift; path = HapticsManager.swift; sourceTree = "<group>"; };
		D4BB34232C75122D00F960D3 /* Playlist.swift */ = {isa = PBXFileReference; lastKnownFileType = sourcecode.swift; path = Playlist.swift; sourceTree = "<group>"; };
		D4BB34252C75125800F960D3 /* AudioTrack.swift */ = {isa = PBXFileReference; lastKnownFileType = sourcecode.swift; path = AudioTrack.swift; sourceTree = "<group>"; };
		D4BB34272C75127700F960D3 /* Artist.swift */ = {isa = PBXFileReference; lastKnownFileType = sourcecode.swift; path = Artist.swift; sourceTree = "<group>"; };
		D4BB34292C75128A00F960D3 /* UserProfile.swift */ = {isa = PBXFileReference; lastKnownFileType = sourcecode.swift; path = UserProfile.swift; sourceTree = "<group>"; };
/* End PBXFileReference section */

/* Begin PBXFrameworksBuildPhase section */
		D4BB33E72C739ED900F960D3 /* Frameworks */ = {
			isa = PBXFrameworksBuildPhase;
			buildActionMask = 2147483647;
			files = (
			);
			runOnlyForDeploymentPostprocessing = 0;
		};
/* End PBXFrameworksBuildPhase section */

/* Begin PBXGroup section */
		D4BB33E12C739ED900F960D3 = {
			isa = PBXGroup;
			children = (
				D4BB33EC2C739ED900F960D3 /* Spotify */,
				D4BB33EB2C739ED900F960D3 /* Products */,
			);
			sourceTree = "<group>";
		};
		D4BB33EB2C739ED900F960D3 /* Products */ = {
			isa = PBXGroup;
			children = (
				D4BB33EA2C739ED900F960D3 /* Spotify.app */,
			);
			name = Products;
			sourceTree = "<group>";
		};
		D4BB33EC2C739ED900F960D3 /* Spotify */ = {
			isa = PBXGroup;
			children = (
				D4BB341C2C75119300F960D3 /* Managers */,
				D4BB34062C739F5E00F960D3 /* Resources */,
				D4BB34052C739F4A00F960D3 /* Models */,
				D4BB34042C739F4100F960D3 /* Views */,
				D4BB34032C739F0D00F960D3 /* ViewModels */,
				D4BB34012C739EFB00F960D3 /* Controllers */,
				D4BB33FB2C739EDB00F960D3 /* Info.plist */,
			);
			path = Spotify;
			sourceTree = "<group>";
		};
		D4BB34012C739EFB00F960D3 /* Controllers */ = {
			isa = PBXGroup;
			children = (
				D4BB340E2C75105100F960D3 /* Other */,
				D4BB340D2C75103000F960D3 /* Core */,
			);
			path = Controllers;
			sourceTree = "<group>";
		};
		D4BB34032C739F0D00F960D3 /* ViewModels */ = {
			isa = PBXGroup;
			children = (
			);
			path = ViewModels;
			sourceTree = "<group>";
		};
		D4BB34042C739F4100F960D3 /* Views */ = {
			isa = PBXGroup;
			children = (
				D4BB33F82C739EDB00F960D3 /* LaunchScreen.storyboard */,
			);
			path = Views;
			sourceTree = "<group>";
		};
		D4BB34052C739F4A00F960D3 /* Models */ = {
			isa = PBXGroup;
			children = (
				D4BB34232C75122D00F960D3 /* Playlist.swift */,
				D4BB34252C75125800F960D3 /* AudioTrack.swift */,
				D4BB34272C75127700F960D3 /* Artist.swift */,
				D4BB34292C75128A00F960D3 /* UserProfile.swift */,
			);
			path = Models;
			sourceTree = "<group>";
		};
		D4BB34062C739F5E00F960D3 /* Resources */ = {
			isa = PBXGroup;
			children = (
				D4BB33F62C739EDB00F960D3 /* Assets.xcassets */,
				D4BB33ED2C739ED900F960D3 /* AppDelegate.swift */,
				D4BB33EF2C739ED900F960D3 /* SceneDelegate.swift */,
			);
			path = Resources;
			sourceTree = "<group>";
		};
		D4BB340D2C75103000F960D3 /* Core */ = {
			isa = PBXGroup;
			children = (
				D4BB33F12C739ED900F960D3 /* HomeViewController.swift */,
				D4BB340B2C75100F00F960D3 /* LibraryViewController.swift */,
				D4BB34092C750FF100F960D3 /* SearchViewController.swift */,
				D4BB34072C750F6900F960D3 /* TabBarViewController.swift */,
			);
			path = Core;
			sourceTree = "<group>";
		};
		D4BB340E2C75105100F960D3 /* Other */ = {
			isa = PBXGroup;
			children = (
				D4BB340F2C75106500F960D3 /* AuthViewController.swift */,
				D4BB34112C7510B900F960D3 /* WelcomeViewController.swift */,
				D4BB34142C7510D200F960D3 /* SettingsViewController.swift */,
				D4BB34162C7510E100F960D3 /* ProfileViewController.swift */,
				D4BB34182C7510ED00F960D3 /* PlaylistViewController.swift */,
				D4BB341A2C7510FB00F960D3 /* SearchResultsViewController.swift */,
			);
			path = Other;
			sourceTree = "<group>";
		};
		D4BB341C2C75119300F960D3 /* Managers */ = {
			isa = PBXGroup;
			children = (
				D4BB341D2C7511B000F960D3 /* AuthManager.swift */,
				D4BB341F2C7511D300F960D3 /* APICaller.swift */,
				D4BB34212C7511EA00F960D3 /* HapticsManager.swift */,
			);
			path = Managers;
			sourceTree = "<group>";
		};
/* End PBXGroup section */

/* Begin PBXNativeTarget section */
		D4BB33E92C739ED900F960D3 /* Spotify */ = {
			isa = PBXNativeTarget;
			buildConfigurationList = D4BB33FE2C739EDB00F960D3 /* Build configuration list for PBXNativeTarget "Spotify" */;
			buildPhases = (
				D4BB33E62C739ED900F960D3 /* Sources */,
				D4BB33E72C739ED900F960D3 /* Frameworks */,
				D4BB33E82C739ED900F960D3 /* Resources */,
			);
			buildRules = (
			);
			dependencies = (
			);
			name = Spotify;
			productName = Spotify;
			productReference = D4BB33EA2C739ED900F960D3 /* Spotify.app */;
			productType = "com.apple.product-type.application";
		};
/* End PBXNativeTarget section */

/* Begin PBXProject section */
		D4BB33E22C739ED900F960D3 /* Project object */ = {
			isa = PBXProject;
			attributes = {
				BuildIndependentTargetsInParallel = 1;
				LastSwiftUpdateCheck = 1540;
				LastUpgradeCheck = 1540;
				TargetAttributes = {
					D4BB33E92C739ED900F960D3 = {
						CreatedOnToolsVersion = 15.4;
					};
				};
			};
			buildConfigurationList = D4BB33E52C739ED900F960D3 /* Build configuration list for PBXProject "Spotify" */;
			compatibilityVersion = "Xcode 14.0";
			developmentRegion = en;
			hasScannedForEncodings = 0;
			knownRegions = (
				en,
				Base,
			);
			mainGroup = D4BB33E12C739ED900F960D3;
			productRefGroup = D4BB33EB2C739ED900F960D3 /* Products */;
			projectDirPath = "";
			projectRoot = "";
			targets = (
				D4BB33E92C739ED900F960D3 /* Spotify */,
			);
		};
/* End PBXProject section */

/* Begin PBXResourcesBuildPhase section */
		D4BB33E82C739ED900F960D3 /* Resources */ = {
			isa = PBXResourcesBuildPhase;
			buildActionMask = 2147483647;
			files = (
				D4BB33F72C739EDB00F960D3 /* Assets.xcassets in Resources */,
				D4BB33FA2C739EDB00F960D3 /* Base in Resources */,
			);
			runOnlyForDeploymentPostprocessing = 0;
		};
/* End PBXResourcesBuildPhase section */

/* Begin PBXSourcesBuildPhase section */
		D4BB33E62C739ED900F960D3 /* Sources */ = {
			isa = PBXSourcesBuildPhase;
			buildActionMask = 2147483647;
			files = (
				D4BB340A2C750FF100F960D3 /* SearchViewController.swift in Sources */,
				D4BB341B2C7510FB00F960D3 /* SearchResultsViewController.swift in Sources */,
				D4BB34122C7510B900F960D3 /* WelcomeViewController.swift in Sources */,
				D4BB34222C7511EA00F960D3 /* HapticsManager.swift in Sources */,
				D4BB34202C7511D300F960D3 /* APICaller.swift in Sources */,
				D4BB341E2C7511B000F960D3 /* AuthManager.swift in Sources */,
				D4BB34172C7510E100F960D3 /* ProfileViewController.swift in Sources */,
				D4BB34262C75125800F960D3 /* AudioTrack.swift in Sources */,
				D4BB34082C750F6900F960D3 /* TabBarViewController.swift in Sources */,
				D4BB33F22C739ED900F960D3 /* HomeViewController.swift in Sources */,
				D4BB34102C75106500F960D3 /* AuthViewController.swift in Sources */,
				D4BB33EE2C739ED900F960D3 /* AppDelegate.swift in Sources */,
				D4BB34282C75127700F960D3 /* Artist.swift in Sources */,
				D4BB34242C75122D00F960D3 /* Playlist.swift in Sources */,
				D4BB342A2C75128A00F960D3 /* UserProfile.swift in Sources */,
				D4BB34192C7510ED00F960D3 /* PlaylistViewController.swift in Sources */,
				D4BB340C2C75100F00F960D3 /* LibraryViewController.swift in Sources */,
				D4BB33F02C739ED900F960D3 /* SceneDelegate.swift in Sources */,
				D4BB34152C7510D200F960D3 /* SettingsViewController.swift in Sources */,
			);
			runOnlyForDeploymentPostprocessing = 0;
		};
/* End PBXSourcesBuildPhase section */

/* Begin PBXVariantGroup section */
		D4BB33F82C739EDB00F960D3 /* LaunchScreen.storyboard */ = {
			isa = PBXVariantGroup;
			children = (
				D4BB33F92C739EDB00F960D3 /* Base */,
			);
			name = LaunchScreen.storyboard;
			sourceTree = "<group>";
		};
/* End PBXVariantGroup section */

/* Begin XCBuildConfiguration section */
		D4BB33FC2C739EDB00F960D3 /* Debug */ = {
			isa = XCBuildConfiguration;
			buildSettings = {
				ALWAYS_SEARCH_USER_PATHS = NO;
				ASSETCATALOG_COMPILER_GENERATE_SWIFT_ASSET_SYMBOL_EXTENSIONS = YES;
				CLANG_ANALYZER_NONNULL = YES;
				CLANG_ANALYZER_NUMBER_OBJECT_CONVERSION = YES_AGGRESSIVE;
				CLANG_CXX_LANGUAGE_STANDARD = "gnu++20";
				CLANG_ENABLE_MODULES = YES;
				CLANG_ENABLE_OBJC_ARC = YES;
				CLANG_ENABLE_OBJC_WEAK = YES;
				CLANG_WARN_BLOCK_CAPTURE_AUTORELEASING = YES;
				CLANG_WARN_BOOL_CONVERSION = YES;
				CLANG_WARN_COMMA = YES;
				CLANG_WARN_CONSTANT_CONVERSION = YES;
				CLANG_WARN_DEPRECATED_OBJC_IMPLEMENTATIONS = YES;
				CLANG_WARN_DIRECT_OBJC_ISA_USAGE = YES_ERROR;
				CLANG_WARN_DOCUMENTATION_COMMENTS = YES;
				CLANG_WARN_EMPTY_BODY = YES;
				CLANG_WARN_ENUM_CONVERSION = YES;
				CLANG_WARN_INFINITE_RECURSION = YES;
				CLANG_WARN_INT_CONVERSION = YES;
				CLANG_WARN_NON_LITERAL_NULL_CONVERSION = YES;
				CLANG_WARN_OBJC_IMPLICIT_RETAIN_SELF = YES;
				CLANG_WARN_OBJC_LITERAL_CONVERSION = YES;
				CLANG_WARN_OBJC_ROOT_CLASS = YES_ERROR;
				CLANG_WARN_QUOTED_INCLUDE_IN_FRAMEWORK_HEADER = YES;
				CLANG_WARN_RANGE_LOOP_ANALYSIS = YES;
				CLANG_WARN_STRICT_PROTOTYPES = YES;
				CLANG_WARN_SUSPICIOUS_MOVE = YES;
				CLANG_WARN_UNGUARDED_AVAILABILITY = YES_AGGRESSIVE;
				CLANG_WARN_UNREACHABLE_CODE = YES;
				CLANG_WARN__DUPLICATE_METHOD_MATCH = YES;
				COPY_PHASE_STRIP = NO;
				DEBUG_INFORMATION_FORMAT = dwarf;
				ENABLE_STRICT_OBJC_MSGSEND = YES;
				ENABLE_TESTABILITY = YES;
				ENABLE_USER_SCRIPT_SANDBOXING = YES;
				GCC_C_LANGUAGE_STANDARD = gnu17;
				GCC_DYNAMIC_NO_PIC = NO;
				GCC_NO_COMMON_BLOCKS = YES;
				GCC_OPTIMIZATION_LEVEL = 0;
				GCC_PREPROCESSOR_DEFINITIONS = (
					"DEBUG=1",
					"$(inherited)",
				);
				GCC_WARN_64_TO_32_BIT_CONVERSION = YES;
				GCC_WARN_ABOUT_RETURN_TYPE = YES_ERROR;
				GCC_WARN_UNDECLARED_SELECTOR = YES;
				GCC_WARN_UNINITIALIZED_AUTOS = YES_AGGRESSIVE;
				GCC_WARN_UNUSED_FUNCTION = YES;
				GCC_WARN_UNUSED_VARIABLE = YES;
				IPHONEOS_DEPLOYMENT_TARGET = 17.5;
				LOCALIZATION_PREFERS_STRING_CATALOGS = YES;
				MTL_ENABLE_DEBUG_INFO = INCLUDE_SOURCE;
				MTL_FAST_MATH = YES;
				ONLY_ACTIVE_ARCH = YES;
				SDKROOT = iphoneos;
				SWIFT_ACTIVE_COMPILATION_CONDITIONS = "DEBUG $(inherited)";
				SWIFT_OPTIMIZATION_LEVEL = "-Onone";
			};
			name = Debug;
		};
		D4BB33FD2C739EDB00F960D3 /* Release */ = {
			isa = XCBuildConfiguration;
			buildSettings = {
				ALWAYS_SEARCH_USER_PATHS = NO;
				ASSETCATALOG_COMPILER_GENERATE_SWIFT_ASSET_SYMBOL_EXTENSIONS = YES;
				CLANG_ANALYZER_NONNULL = YES;
				CLANG_ANALYZER_NUMBER_OBJECT_CONVERSION = YES_AGGRESSIVE;
				CLANG_CXX_LANGUAGE_STANDARD = "gnu++20";
				CLANG_ENABLE_MODULES = YES;
				CLANG_ENABLE_OBJC_ARC = YES;
				CLANG_ENABLE_OBJC_WEAK = YES;
				CLANG_WARN_BLOCK_CAPTURE_AUTORELEASING = YES;
				CLANG_WARN_BOOL_CONVERSION = YES;
				CLANG_WARN_COMMA = YES;
				CLANG_WARN_CONSTANT_CONVERSION = YES;
				CLANG_WARN_DEPRECATED_OBJC_IMPLEMENTATIONS = YES;
				CLANG_WARN_DIRECT_OBJC_ISA_USAGE = YES_ERROR;
				CLANG_WARN_DOCUMENTATION_COMMENTS = YES;
				CLANG_WARN_EMPTY_BODY = YES;
				CLANG_WARN_ENUM_CONVERSION = YES;
				CLANG_WARN_INFINITE_RECURSION = YES;
				CLANG_WARN_INT_CONVERSION = YES;
				CLANG_WARN_NON_LITERAL_NULL_CONVERSION = YES;
				CLANG_WARN_OBJC_IMPLICIT_RETAIN_SELF = YES;
				CLANG_WARN_OBJC_LITERAL_CONVERSION = YES;
				CLANG_WARN_OBJC_ROOT_CLASS = YES_ERROR;
				CLANG_WARN_QUOTED_INCLUDE_IN_FRAMEWORK_HEADER = YES;
				CLANG_WARN_RANGE_LOOP_ANALYSIS = YES;
				CLANG_WARN_STRICT_PROTOTYPES = YES;
				CLANG_WARN_SUSPICIOUS_MOVE = YES;
				CLANG_WARN_UNGUARDED_AVAILABILITY = YES_AGGRESSIVE;
				CLANG_WARN_UNREACHABLE_CODE = YES;
				CLANG_WARN__DUPLICATE_METHOD_MATCH = YES;
				COPY_PHASE_STRIP = NO;
				DEBUG_INFORMATION_FORMAT = "dwarf-with-dsym";
				ENABLE_NS_ASSERTIONS = NO;
				ENABLE_STRICT_OBJC_MSGSEND = YES;
				ENABLE_USER_SCRIPT_SANDBOXING = YES;
				GCC_C_LANGUAGE_STANDARD = gnu17;
				GCC_NO_COMMON_BLOCKS = YES;
				GCC_WARN_64_TO_32_BIT_CONVERSION = YES;
				GCC_WARN_ABOUT_RETURN_TYPE = YES_ERROR;
				GCC_WARN_UNDECLARED_SELECTOR = YES;
				GCC_WARN_UNINITIALIZED_AUTOS = YES_AGGRESSIVE;
				GCC_WARN_UNUSED_FUNCTION = YES;
				GCC_WARN_UNUSED_VARIABLE = YES;
				IPHONEOS_DEPLOYMENT_TARGET = 17.5;
				LOCALIZATION_PREFERS_STRING_CATALOGS = YES;
				MTL_ENABLE_DEBUG_INFO = NO;
				MTL_FAST_MATH = YES;
				SDKROOT = iphoneos;
				SWIFT_COMPILATION_MODE = wholemodule;
				VALIDATE_PRODUCT = YES;
			};
			name = Release;
		};
		D4BB33FF2C739EDB00F960D3 /* Debug */ = {
			isa = XCBuildConfiguration;
			buildSettings = {
				ASSETCATALOG_COMPILER_APPICON_NAME = AppIcon;
				ASSETCATALOG_COMPILER_GLOBAL_ACCENT_COLOR_NAME = AccentColor;
				CODE_SIGN_STYLE = Automatic;
				CURRENT_PROJECT_VERSION = 1;
				DEVELOPMENT_TEAM = 2H8XBTKZPZ;
				GENERATE_INFOPLIST_FILE = YES;
				INFOPLIST_FILE = Spotify/Info.plist;
				INFOPLIST_KEY_UIApplicationSupportsIndirectInputEvents = YES;
				INFOPLIST_KEY_UILaunchStoryboardName = LaunchScreen;
				INFOPLIST_KEY_UISupportedInterfaceOrientations_iPad = "UIInterfaceOrientationPortrait UIInterfaceOrientationPortraitUpsideDown UIInterfaceOrientationLandscapeLeft UIInterfaceOrientationLandscapeRight";
				INFOPLIST_KEY_UISupportedInterfaceOrientations_iPhone = "UIInterfaceOrientationPortrait UIInterfaceOrientationLandscapeLeft UIInterfaceOrientationLandscapeRight";
				LD_RUNPATH_SEARCH_PATHS = (
					"$(inherited)",
					"@executable_path/Frameworks",
				);
				MARKETING_VERSION = 1.0;
				PRODUCT_BUNDLE_IDENTIFIER = com.mukunds.Spotify;
				PRODUCT_NAME = "$(TARGET_NAME)";
				SWIFT_EMIT_LOC_STRINGS = YES;
				SWIFT_VERSION = 5.0;
				TARGETED_DEVICE_FAMILY = "1,2";
			};
			name = Debug;
		};
		D4BB34002C739EDB00F960D3 /* Release */ = {
			isa = XCBuildConfiguration;
			buildSettings = {
				ASSETCATALOG_COMPILER_APPICON_NAME = AppIcon;
				ASSETCATALOG_COMPILER_GLOBAL_ACCENT_COLOR_NAME = AccentColor;
				CODE_SIGN_STYLE = Automatic;
				CURRENT_PROJECT_VERSION = 1;
				DEVELOPMENT_TEAM = 2H8XBTKZPZ;
				GENERATE_INFOPLIST_FILE = YES;
				INFOPLIST_FILE = Spotify/Info.plist;
				INFOPLIST_KEY_UIApplicationSupportsIndirectInputEvents = YES;
				INFOPLIST_KEY_UILaunchStoryboardName = LaunchScreen;
				INFOPLIST_KEY_UISupportedInterfaceOrientations_iPad = "UIInterfaceOrientationPortrait UIInterfaceOrientationPortraitUpsideDown UIInterfaceOrientationLandscapeLeft UIInterfaceOrientationLandscapeRight";
				INFOPLIST_KEY_UISupportedInterfaceOrientations_iPhone = "UIInterfaceOrientationPortrait UIInterfaceOrientationLandscapeLeft UIInterfaceOrientationLandscapeRight";
				LD_RUNPATH_SEARCH_PATHS = (
					"$(inherited)",
					"@executable_path/Frameworks",
				);
				MARKETING_VERSION = 1.0;
				PRODUCT_BUNDLE_IDENTIFIER = com.mukunds.Spotify;
				PRODUCT_NAME = "$(TARGET_NAME)";
				SWIFT_EMIT_LOC_STRINGS = YES;
				SWIFT_VERSION = 5.0;
				TARGETED_DEVICE_FAMILY = "1,2";
			};
			name = Release;
		};
/* End XCBuildConfiguration section */

/* Begin XCConfigurationList section */
		D4BB33E52C739ED900F960D3 /* Build configuration list for PBXProject "Spotify" */ = {
			isa = XCConfigurationList;
			buildConfigurations = (
				D4BB33FC2C739EDB00F960D3 /* Debug */,
				D4BB33FD2C739EDB00F960D3 /* Release */,
			);
			defaultConfigurationIsVisible = 0;
			defaultConfigurationName = Release;
		};
		D4BB33FE2C739EDB00F960D3 /* Build configuration list for PBXNativeTarget "Spotify" */ = {
			isa = XCConfigurationList;
			buildConfigurations = (
				D4BB33FF2C739EDB00F960D3 /* Debug */,
				D4BB34002C739EDB00F960D3 /* Release */,
			);
			defaultConfigurationIsVisible = 0;
			defaultConfigurationName = Release;
		};
/* End XCConfigurationList section */
	};
	rootObject = D4BB33E22C739ED900F960D3 /* Project object */;
}
